---
label: Announcement block
display_field: title
fields:
  - name: title
    type: text
    config:
      required: false
    label: Title
  - name: description
    type: text
    config:
      required: false
    label: Description
- type: text
  name: type
  label: Reference Type Name
  description: Name of the Stackbit object model, used by fields of type reference
  hidden: true
  default: announcementblock
  config:
    required: true
