---
label: Announcement block
hide_body: true
fields:
- name: title
  type: text
  config:
    required: false
  label: Title
- name: description
  type: text
  config:
    required: false
  label: Description
- name: component
  type: text
  config:
    required: false
  hidden: true
  label: Component
  default: AnnouncementBlock
- name: id
  type: text
  config:
    required: false
  label: ELEMENT ID
  default: announcement_block
