---
label: Value Section
hide_body: true
display_field: section_id
fields:
- type: text
  name: section_id
  label: Element ID
- type: text
  name: component
  label: Component
  hidden: true
  default: ValueBlock
  config:
    required: true
- type: select
  name: bg
  label: Background
  description: The background of the section.
  default: gray
  config:
    source:
      type: custom
    options:
    - gray
    - white
- type: text
  name: value_title_1
  label: Value Title 1
- type: textarea
  name: value_content_1
  label: Value Content 1
  description: The text content of the feature.
- type: text
  name: value_title_2
  label: Value Title 2
- type: textarea
  name: value_content_2
  label: Value Content 2
  description: The text content of the feature.
- type: text
  name: type
  label: Reference Type Name
  description: Name of the Stackbit object model, used by fields of type reference
  hidden: true
  default: valueblock
  config:
    required: true
